
Microsoft Visual Studio Solution File, Format Version 12.00
# Visual Studio Version 16
VisualStudioVersion = 16.0.29709.97
MinimumVisualStudioVersion = 10.0.40219.1
Project("{FAE04EC0-301F-11D3-BF4B-00C04F79EFBC}") = "suggestionsapi", "suggestionsapi\suggestionsapi.csproj", "{AC0F8C55-3AF4-452D-89D3-4C0FB5916153}"
EndProject
Global
	GlobalSection(SolutionConfigurationPlatforms) = preSolution
		Debug|Any CPU = Debug|Any CPU
		Release|Any CPU = Release|Any CPU
	EndGlobalSection
	GlobalSection(ProjectConfigurationPlatforms) = postSolution
		{AC0F8C55-3AF4-452D-89D3-4C0FB5916153}.Debug|Any CPU.ActiveCfg = Debug|Any CPU
		{AC0F8C55-3AF4-452D-89D3-4C0FB5916153}.Debug|Any CPU.Build.0 = Debug|Any CPU
		{AC0F8C55-3AF4-452D-89D3-4C0FB5916153}.Release|Any CPU.ActiveCfg = Release|Any CPU
		{AC0F8C55-3AF4-452D-89D3-4C0FB5916153}.Release|Any CPU.Build.0 = Release|Any CPU
	EndGlobalSection
	GlobalSection(SolutionProperties) = preSolution
		HideSolutionNode = FALSE
	EndGlobalSection
	GlobalSection(ExtensibilityGlobals) = postSolution
		SolutionGuid = {9455F6C9-A50C-4683-B786-AC8EF5FD4785}
	EndGlobalSection
EndGlobal
